
Microsoft Visual Studio Solution File, Format Version 12.00
# Visual Studio Version 17
VisualStudioVersion = 17.12.35323.107
MinimumVisualStudioVersion = 10.0.40219.1
Project("{8BC9CEB8-8B4A-11D0-8D11-00A0C91BC942}") = "libogg_static", "libogg_static.vcxproj", "{15CBFEFF-7965-41F5-B4E2-21E8795C9159}"
EndProject
Project("{8BC9CEB8-8B4A-11D0-8D11-00A0C91BC942}") = "libtheora_static", "libtheora_static.vcxproj", "{653F3841-3F26-49B9-AFCF-091DB4B67031}"
EndProject
Project("{8BC9CEB8-8B4A-11D0-8D11-00A0C91BC942}") = "libvorbis_static", "libvorbis_static.vcxproj", "{3A214E06-B95E-4D61-A291-1F8DF2EC10FD}"
EndProject
Project("{8BC9CEB8-8B4A-11D0-8D11-00A0C91BC942}") = "libvorbisfile", "libvorbisfile_static.vcxproj", "{CEBDE98B-A6AA-46E6-BC79-FAAF823DB9EC}"
EndProject
Project("{8BC9CEB8-8B4A-11D0-8D11-00A0C91BC942}") = "lzo", "lzo.vcxproj", "{614AA57F-58D7-45A8-A5FF-93F04B05FAC6}"
EndProject
Project("{8BC9CEB8-8B4A-11D0-8D11-00A0C91BC942}") = "cryptlib", "cryptlib.vcxproj", "{C39F4B46-6E89-4074-902E-CA57073044D2}"
EndProject
Global
	GlobalSection(SolutionConfigurationPlatforms) = preSolution
		Debug|ARM = Debug|ARM
		Debug|ARM64 = Debug|ARM64
		Debug|x64 = Debug|x64
		Debug|x86 = Debug|x86
		Mixed|ARM = Mixed|ARM
		Mixed|ARM64 = Mixed|ARM64
		Mixed|x64 = Mixed|x64
		Mixed|x86 = Mixed|x86
		Release Master Gold|ARM = Release Master Gold|ARM
		Release Master Gold|ARM64 = Release Master Gold|ARM64
		Release Master Gold|x64 = Release Master Gold|x64
		Release Master Gold|x86 = Release Master Gold|x86
		Release|ARM = Release|ARM
		Release|ARM64 = Release|ARM64
		Release|x64 = Release|x64
		Release|x86 = Release|x86
	EndGlobalSection
	GlobalSection(ProjectConfigurationPlatforms) = postSolution
		{15CBFEFF-7965-41F5-B4E2-21E8795C9159}.Debug|ARM.ActiveCfg = Debug|ARM
		{15CBFEFF-7965-41F5-B4E2-21E8795C9159}.Debug|ARM.Build.0 = Debug|ARM
		{15CBFEFF-7965-41F5-B4E2-21E8795C9159}.Debug|ARM64.ActiveCfg = Debug|ARM64
		{15CBFEFF-7965-41F5-B4E2-21E8795C9159}.Debug|ARM64.Build.0 = Debug|ARM64
		{15CBFEFF-7965-41F5-B4E2-21E8795C9159}.Debug|x64.ActiveCfg = Debug|x64
		{15CBFEFF-7965-41F5-B4E2-21E8795C9159}.Debug|x64.Build.0 = Debug|x64
		{15CBFEFF-7965-41F5-B4E2-21E8795C9159}.Debug|x86.ActiveCfg = Debug|Win32
		{15CBFEFF-7965-41F5-B4E2-21E8795C9159}.Debug|x86.Build.0 = Debug|Win32
		{15CBFEFF-7965-41F5-B4E2-21E8795C9159}.Mixed|ARM.ActiveCfg = Mixed|ARM
		{15CBFEFF-7965-41F5-B4E2-21E8795C9159}.Mixed|ARM.Build.0 = Mixed|ARM
		{15CBFEFF-7965-41F5-B4E2-21E8795C9159}.Mixed|ARM64.ActiveCfg = Mixed|ARM64
		{15CBFEFF-7965-41F5-B4E2-21E8795C9159}.Mixed|ARM64.Build.0 = Mixed|ARM64
		{15CBFEFF-7965-41F5-B4E2-21E8795C9159}.Mixed|x64.ActiveCfg = Mixed|x64
		{15CBFEFF-7965-41F5-B4E2-21E8795C9159}.Mixed|x64.Build.0 = Mixed|x64
		{15CBFEFF-7965-41F5-B4E2-21E8795C9159}.Mixed|x86.ActiveCfg = Mixed|Win32
		{15CBFEFF-7965-41F5-B4E2-21E8795C9159}.Mixed|x86.Build.0 = Mixed|Win32
		{15CBFEFF-7965-41F5-B4E2-21E8795C9159}.Release Master Gold|ARM.ActiveCfg = Release Master Gold|ARM
		{15CBFEFF-7965-41F5-B4E2-21E8795C9159}.Release Master Gold|ARM.Build.0 = Release Master Gold|ARM
		{15CBFEFF-7965-41F5-B4E2-21E8795C9159}.Release Master Gold|ARM64.ActiveCfg = Release Master Gold|ARM64
		{15CBFEFF-7965-41F5-B4E2-21E8795C9159}.Release Master Gold|ARM64.Build.0 = Release Master Gold|ARM64
		{15CBFEFF-7965-41F5-B4E2-21E8795C9159}.Release Master Gold|x64.ActiveCfg = Release Master Gold|x64
		{15CBFEFF-7965-41F5-B4E2-21E8795C9159}.Release Master Gold|x64.Build.0 = Release Master Gold|x64
		{15CBFEFF-7965-41F5-B4E2-21E8795C9159}.Release Master Gold|x86.ActiveCfg = Release Master Gold|Win32
		{15CBFEFF-7965-41F5-B4E2-21E8795C9159}.Release Master Gold|x86.Build.0 = Release Master Gold|Win32
		{15CBFEFF-7965-41F5-B4E2-21E8795C9159}.Release|ARM.ActiveCfg = Release|ARM
		{15CBFEFF-7965-41F5-B4E2-21E8795C9159}.Release|ARM.Build.0 = Release|ARM
		{15CBFEFF-7965-41F5-B4E2-21E8795C9159}.Release|ARM64.ActiveCfg = Release|ARM64
		{15CBFEFF-7965-41F5-B4E2-21E8795C9159}.Release|ARM64.Build.0 = Release|ARM64
		{15CBFEFF-7965-41F5-B4E2-21E8795C9159}.Release|x64.ActiveCfg = Release|x64
		{15CBFEFF-7965-41F5-B4E2-21E8795C9159}.Release|x64.Build.0 = Release|x64
		{15CBFEFF-7965-41F5-B4E2-21E8795C9159}.Release|x86.ActiveCfg = Release|Win32
		{15CBFEFF-7965-41F5-B4E2-21E8795C9159}.Release|x86.Build.0 = Release|Win32
		{653F3841-3F26-49B9-AFCF-091DB4B67031}.Debug|ARM.ActiveCfg = Debug|ARM
		{653F3841-3F26-49B9-AFCF-091DB4B67031}.Debug|ARM.Build.0 = Debug|ARM
		{653F3841-3F26-49B9-AFCF-091DB4B67031}.Debug|ARM64.ActiveCfg = Debug|ARM64
		{653F3841-3F26-49B9-AFCF-091DB4B67031}.Debug|ARM64.Build.0 = Debug|ARM64
		{653F3841-3F26-49B9-AFCF-091DB4B67031}.Debug|x64.ActiveCfg = Debug|x64
		{653F3841-3F26-49B9-AFCF-091DB4B67031}.Debug|x64.Build.0 = Debug|x64
		{653F3841-3F26-49B9-AFCF-091DB4B67031}.Debug|x86.ActiveCfg = Debug|Win32
		{653F3841-3F26-49B9-AFCF-091DB4B67031}.Debug|x86.Build.0 = Debug|Win32
		{653F3841-3F26-49B9-AFCF-091DB4B67031}.Mixed|ARM.ActiveCfg = Mixed|ARM
		{653F3841-3F26-49B9-AFCF-091DB4B67031}.Mixed|ARM.Build.0 = Mixed|ARM
		{653F3841-3F26-49B9-AFCF-091DB4B67031}.Mixed|ARM64.ActiveCfg = Mixed|ARM64
		{653F3841-3F26-49B9-AFCF-091DB4B67031}.Mixed|ARM64.Build.0 = Mixed|ARM64
		{653F3841-3F26-49B9-AFCF-091DB4B67031}.Mixed|x64.ActiveCfg = Mixed|x64
		{653F3841-3F26-49B9-AFCF-091DB4B67031}.Mixed|x64.Build.0 = Mixed|x64
		{653F3841-3F26-49B9-AFCF-091DB4B67031}.Mixed|x86.ActiveCfg = Mixed|Win32
		{653F3841-3F26-49B9-AFCF-091DB4B67031}.Mixed|x86.Build.0 = Mixed|Win32
		{653F3841-3F26-49B9-AFCF-091DB4B67031}.Release Master Gold|ARM.ActiveCfg = Release Master Gold|ARM
		{653F3841-3F26-49B9-AFCF-091DB4B67031}.Release Master Gold|ARM.Build.0 = Release Master Gold|ARM
		{653F3841-3F26-49B9-AFCF-091DB4B67031}.Release Master Gold|ARM64.ActiveCfg = Release Master Gold|ARM64
		{653F3841-3F26-49B9-AFCF-091DB4B67031}.Release Master Gold|ARM64.Build.0 = Release Master Gold|ARM64
		{653F3841-3F26-49B9-AFCF-091DB4B67031}.Release Master Gold|x64.ActiveCfg = Release Master Gold|x64
		{653F3841-3F26-49B9-AFCF-091DB4B67031}.Release Master Gold|x64.Build.0 = Release Master Gold|x64
		{653F3841-3F26-49B9-AFCF-091DB4B67031}.Release Master Gold|x86.ActiveCfg = Release Master Gold|Win32
		{653F3841-3F26-49B9-AFCF-091DB4B67031}.Release Master Gold|x86.Build.0 = Release Master Gold|Win32
		{653F3841-3F26-49B9-AFCF-091DB4B67031}.Release|ARM.ActiveCfg = Release|ARM
		{653F3841-3F26-49B9-AFCF-091DB4B67031}.Release|ARM.Build.0 = Release|ARM
		{653F3841-3F26-49B9-AFCF-091DB4B67031}.Release|ARM64.ActiveCfg = Release|ARM64
		{653F3841-3F26-49B9-AFCF-091DB4B67031}.Release|ARM64.Build.0 = Release|ARM64
		{653F3841-3F26-49B9-AFCF-091DB4B67031}.Release|x64.ActiveCfg = Release|x64
		{653F3841-3F26-49B9-AFCF-091DB4B67031}.Release|x64.Build.0 = Release|x64
		{653F3841-3F26-49B9-AFCF-091DB4B67031}.Release|x86.ActiveCfg = Release|Win32
		{653F3841-3F26-49B9-AFCF-091DB4B67031}.Release|x86.Build.0 = Release|Win32
		{3A214E06-B95E-4D61-A291-1F8DF2EC10FD}.Debug|ARM.ActiveCfg = Debug|ARM
		{3A214E06-B95E-4D61-A291-1F8DF2EC10FD}.Debug|ARM.Build.0 = Debug|ARM
		{3A214E06-B95E-4D61-A291-1F8DF2EC10FD}.Debug|ARM64.ActiveCfg = Debug|ARM64
		{3A214E06-B95E-4D61-A291-1F8DF2EC10FD}.Debug|ARM64.Build.0 = Debug|ARM64
		{3A214E06-B95E-4D61-A291-1F8DF2EC10FD}.Debug|x64.ActiveCfg = Debug|x64
		{3A214E06-B95E-4D61-A291-1F8DF2EC10FD}.Debug|x64.Build.0 = Debug|x64
		{3A214E06-B95E-4D61-A291-1F8DF2EC10FD}.Debug|x86.ActiveCfg = Debug|Win32
		{3A214E06-B95E-4D61-A291-1F8DF2EC10FD}.Debug|x86.Build.0 = Debug|Win32
		{3A214E06-B95E-4D61-A291-1F8DF2EC10FD}.Mixed|ARM.ActiveCfg = Mixed|ARM
		{3A214E06-B95E-4D61-A291-1F8DF2EC10FD}.Mixed|ARM.Build.0 = Mixed|ARM
		{3A214E06-B95E-4D61-A291-1F8DF2EC10FD}.Mixed|ARM64.ActiveCfg = Mixed|ARM64
		{3A214E06-B95E-4D61-A291-1F8DF2EC10FD}.Mixed|ARM64.Build.0 = Mixed|ARM64
		{3A214E06-B95E-4D61-A291-1F8DF2EC10FD}.Mixed|x64.ActiveCfg = Mixed|x64
		{3A214E06-B95E-4D61-A291-1F8DF2EC10FD}.Mixed|x64.Build.0 = Mixed|x64
		{3A214E06-B95E-4D61-A291-1F8DF2EC10FD}.Mixed|x86.ActiveCfg = Mixed|Win32
		{3A214E06-B95E-4D61-A291-1F8DF2EC10FD}.Mixed|x86.Build.0 = Mixed|Win32
		{3A214E06-B95E-4D61-A291-1F8DF2EC10FD}.Release Master Gold|ARM.ActiveCfg = Release Master Gold|ARM
		{3A214E06-B95E-4D61-A291-1F8DF2EC10FD}.Release Master Gold|ARM.Build.0 = Release Master Gold|ARM
		{3A214E06-B95E-4D61-A291-1F8DF2EC10FD}.Release Master Gold|ARM64.ActiveCfg = Release Master Gold|ARM64
		{3A214E06-B95E-4D61-A291-1F8DF2EC10FD}.Release Master Gold|ARM64.Build.0 = Release Master Gold|ARM64
		{3A214E06-B95E-4D61-A291-1F8DF2EC10FD}.Release Master Gold|x64.ActiveCfg = Release Master Gold|x64
		{3A214E06-B95E-4D61-A291-1F8DF2EC10FD}.Release Master Gold|x64.Build.0 = Release Master Gold|x64
		{3A214E06-B95E-4D61-A291-1F8DF2EC10FD}.Release Master Gold|x86.ActiveCfg = Release Master Gold|Win32
		{3A214E06-B95E-4D61-A291-1F8DF2EC10FD}.Release Master Gold|x86.Build.0 = Release Master Gold|Win32
		{3A214E06-B95E-4D61-A291-1F8DF2EC10FD}.Release|ARM.ActiveCfg = Release|ARM
		{3A214E06-B95E-4D61-A291-1F8DF2EC10FD}.Release|ARM.Build.0 = Release|ARM
		{3A214E06-B95E-4D61-A291-1F8DF2EC10FD}.Release|ARM64.ActiveCfg = Release|ARM64
		{3A214E06-B95E-4D61-A291-1F8DF2EC10FD}.Release|ARM64.Build.0 = Release|ARM64
		{3A214E06-B95E-4D61-A291-1F8DF2EC10FD}.Release|x64.ActiveCfg = Release|x64
		{3A214E06-B95E-4D61-A291-1F8DF2EC10FD}.Release|x64.Build.0 = Release|x64
		{3A214E06-B95E-4D61-A291-1F8DF2EC10FD}.Release|x86.ActiveCfg = Release|Win32
		{3A214E06-B95E-4D61-A291-1F8DF2EC10FD}.Release|x86.Build.0 = Release|Win32
		{CEBDE98B-A6AA-46E6-BC79-FAAF823DB9EC}.Debug|ARM.ActiveCfg = Debug|ARM
		{CEBDE98B-A6AA-46E6-BC79-FAAF823DB9EC}.Debug|ARM.Build.0 = Debug|ARM
		{CEBDE98B-A6AA-46E6-BC79-FAAF823DB9EC}.Debug|ARM64.ActiveCfg = Debug|ARM64
		{CEBDE98B-A6AA-46E6-BC79-FAAF823DB9EC}.Debug|ARM64.Build.0 = Debug|ARM64
		{CEBDE98B-A6AA-46E6-BC79-FAAF823DB9EC}.Debug|x64.ActiveCfg = Debug|x64
		{CEBDE98B-A6AA-46E6-BC79-FAAF823DB9EC}.Debug|x64.Build.0 = Debug|x64
		{CEBDE98B-A6AA-46E6-BC79-FAAF823DB9EC}.Debug|x86.ActiveCfg = Debug|Win32
		{CEBDE98B-A6AA-46E6-BC79-FAAF823DB9EC}.Debug|x86.Build.0 = Debug|Win32
		{CEBDE98B-A6AA-46E6-BC79-FAAF823DB9EC}.Mixed|ARM.ActiveCfg = Mixed|ARM
		{CEBDE98B-A6AA-46E6-BC79-FAAF823DB9EC}.Mixed|ARM.Build.0 = Mixed|ARM
		{CEBDE98B-A6AA-46E6-BC79-FAAF823DB9EC}.Mixed|ARM64.ActiveCfg = Mixed|ARM64
		{CEBDE98B-A6AA-46E6-BC79-FAAF823DB9EC}.Mixed|ARM64.Build.0 = Mixed|ARM64
		{CEBDE98B-A6AA-46E6-BC79-FAAF823DB9EC}.Mixed|x64.ActiveCfg = Mixed|x64
		{CEBDE98B-A6AA-46E6-BC79-FAAF823DB9EC}.Mixed|x64.Build.0 = Mixed|x64
		{CEBDE98B-A6AA-46E6-BC79-FAAF823DB9EC}.Mixed|x86.ActiveCfg = Mixed|Win32
		{CEBDE98B-A6AA-46E6-BC79-FAAF823DB9EC}.Mixed|x86.Build.0 = Mixed|Win32
		{CEBDE98B-A6AA-46E6-BC79-FAAF823DB9EC}.Release Master Gold|ARM.ActiveCfg = Release Master Gold|ARM
		{CEBDE98B-A6AA-46E6-BC79-FAAF823DB9EC}.Release Master Gold|ARM.Build.0 = Release Master Gold|ARM
		{CEBDE98B-A6AA-46E6-BC79-FAAF823DB9EC}.Release Master Gold|ARM64.ActiveCfg = Release Master Gold|ARM64
		{CEBDE98B-A6AA-46E6-BC79-FAAF823DB9EC}.Release Master Gold|ARM64.Build.0 = Release Master Gold|ARM64
		{CEBDE98B-A6AA-46E6-BC79-FAAF823DB9EC}.Release Master Gold|x64.ActiveCfg = Release Master Gold|x64
		{CEBDE98B-A6AA-46E6-BC79-FAAF823DB9EC}.Release Master Gold|x64.Build.0 = Release Master Gold|x64
		{CEBDE98B-A6AA-46E6-BC79-FAAF823DB9EC}.Release Master Gold|x86.ActiveCfg = Release Master Gold|Win32
		{CEBDE98B-A6AA-46E6-BC79-FAAF823DB9EC}.Release Master Gold|x86.Build.0 = Release Master Gold|Win32
		{CEBDE98B-A6AA-46E6-BC79-FAAF823DB9EC}.Release|ARM.ActiveCfg = Release|ARM
		{CEBDE98B-A6AA-46E6-BC79-FAAF823DB9EC}.Release|ARM.Build.0 = Release|ARM
		{CEBDE98B-A6AA-46E6-BC79-FAAF823DB9EC}.Release|ARM64.ActiveCfg = Release|ARM64
		{CEBDE98B-A6AA-46E6-BC79-FAAF823DB9EC}.Release|ARM64.Build.0 = Release|ARM64
		{CEBDE98B-A6AA-46E6-BC79-FAAF823DB9EC}.Release|x64.ActiveCfg = Release|x64
		{CEBDE98B-A6AA-46E6-BC79-FAAF823DB9EC}.Release|x64.Build.0 = Release|x64
		{CEBDE98B-A6AA-46E6-BC79-FAAF823DB9EC}.Release|x86.ActiveCfg = Release|Win32
		{CEBDE98B-A6AA-46E6-BC79-FAAF823DB9EC}.Release|x86.Build.0 = Release|Win32
		{614AA57F-58D7-45A8-A5FF-93F04B05FAC6}.Debug|ARM.ActiveCfg = Debug|ARM
		{614AA57F-58D7-45A8-A5FF-93F04B05FAC6}.Debug|ARM.Build.0 = Debug|ARM
		{614AA57F-58D7-45A8-A5FF-93F04B05FAC6}.Debug|ARM64.ActiveCfg = Debug|ARM64
		{614AA57F-58D7-45A8-A5FF-93F04B05FAC6}.Debug|ARM64.Build.0 = Debug|ARM64
		{614AA57F-58D7-45A8-A5FF-93F04B05FAC6}.Debug|x64.ActiveCfg = Debug|x64
		{614AA57F-58D7-45A8-A5FF-93F04B05FAC6}.Debug|x64.Build.0 = Debug|x64
		{614AA57F-58D7-45A8-A5FF-93F04B05FAC6}.Debug|x86.ActiveCfg = Debug|Win32
		{614AA57F-58D7-45A8-A5FF-93F04B05FAC6}.Debug|x86.Build.0 = Debug|Win32
		{614AA57F-58D7-45A8-A5FF-93F04B05FAC6}.Mixed|ARM.ActiveCfg = Mixed|ARM
		{614AA57F-58D7-45A8-A5FF-93F04B05FAC6}.Mixed|ARM.Build.0 = Mixed|ARM
		{614AA57F-58D7-45A8-A5FF-93F04B05FAC6}.Mixed|ARM64.ActiveCfg = Mixed|ARM64
		{614AA57F-58D7-45A8-A5FF-93F04B05FAC6}.Mixed|ARM64.Build.0 = Mixed|ARM64
		{614AA57F-58D7-45A8-A5FF-93F04B05FAC6}.Mixed|x64.ActiveCfg = Mixed|x64
		{614AA57F-58D7-45A8-A5FF-93F04B05FAC6}.Mixed|x64.Build.0 = Mixed|x64
		{614AA57F-58D7-45A8-A5FF-93F04B05FAC6}.Mixed|x86.ActiveCfg = Mixed|Win32
		{614AA57F-58D7-45A8-A5FF-93F04B05FAC6}.Mixed|x86.Build.0 = Mixed|Win32
		{614AA57F-58D7-45A8-A5FF-93F04B05FAC6}.Release Master Gold|ARM.ActiveCfg = Release Master Gold|ARM
		{614AA57F-58D7-45A8-A5FF-93F04B05FAC6}.Release Master Gold|ARM.Build.0 = Release Master Gold|ARM
		{614AA57F-58D7-45A8-A5FF-93F04B05FAC6}.Release Master Gold|ARM64.ActiveCfg = Release Master Gold|ARM64
		{614AA57F-58D7-45A8-A5FF-93F04B05FAC6}.Release Master Gold|ARM64.Build.0 = Release Master Gold|ARM64
		{614AA57F-58D7-45A8-A5FF-93F04B05FAC6}.Release Master Gold|x64.ActiveCfg = Release Master Gold|x64
		{614AA57F-58D7-45A8-A5FF-93F04B05FAC6}.Release Master Gold|x64.Build.0 = Release Master Gold|x64
		{614AA57F-58D7-45A8-A5FF-93F04B05FAC6}.Release Master Gold|x86.ActiveCfg = Release Master Gold|Win32
		{614AA57F-58D7-45A8-A5FF-93F04B05FAC6}.Release Master Gold|x86.Build.0 = Release Master Gold|Win32
		{614AA57F-58D7-45A8-A5FF-93F04B05FAC6}.Release|ARM.ActiveCfg = Release|ARM
		{614AA57F-58D7-45A8-A5FF-93F04B05FAC6}.Release|ARM.Build.0 = Release|ARM
		{614AA57F-58D7-45A8-A5FF-93F04B05FAC6}.Release|ARM64.ActiveCfg = Release|ARM64
		{614AA57F-58D7-45A8-A5FF-93F04B05FAC6}.Release|ARM64.Build.0 = Release|ARM64
		{614AA57F-58D7-45A8-A5FF-93F04B05FAC6}.Release|x64.ActiveCfg = Release|x64
		{614AA57F-58D7-45A8-A5FF-93F04B05FAC6}.Release|x64.Build.0 = Release|x64
		{614AA57F-58D7-45A8-A5FF-93F04B05FAC6}.Release|x86.ActiveCfg = Release|Win32
		{614AA57F-58D7-45A8-A5FF-93F04B05FAC6}.Release|x86.Build.0 = Release|Win32
		{C39F4B46-6E89-4074-902E-CA57073044D2}.Debug|ARM.ActiveCfg = Debug|x64
		{C39F4B46-6E89-4074-902E-CA57073044D2}.Debug|ARM64.ActiveCfg = Debug|x64
		{C39F4B46-6E89-4074-902E-CA57073044D2}.Debug|x64.ActiveCfg = Debug|x64
		{C39F4B46-6E89-4074-902E-CA57073044D2}.Debug|x64.Build.0 = Debug|x64
		{C39F4B46-6E89-4074-902E-CA57073044D2}.Debug|x86.ActiveCfg = Debug|Win32
		{C39F4B46-6E89-4074-902E-CA57073044D2}.Debug|x86.Build.0 = Debug|Win32
		{C39F4B46-6E89-4074-902E-CA57073044D2}.Mixed|ARM.ActiveCfg = Debug|x64
		{C39F4B46-6E89-4074-902E-CA57073044D2}.Mixed|ARM64.ActiveCfg = Debug|x64
		{C39F4B46-6E89-4074-902E-CA57073044D2}.Mixed|x64.ActiveCfg = Debug|x64
		{C39F4B46-6E89-4074-902E-CA57073044D2}.Mixed|x64.Build.0 = Debug|x64
		{C39F4B46-6E89-4074-902E-CA57073044D2}.Mixed|x86.ActiveCfg = Debug|Win32
		{C39F4B46-6E89-4074-902E-CA57073044D2}.Mixed|x86.Build.0 = Debug|Win32
		{C39F4B46-6E89-4074-902E-CA57073044D2}.Release Master Gold|ARM.ActiveCfg = Release Master Gold|x64
		{C39F4B46-6E89-4074-902E-CA57073044D2}.Release Master Gold|ARM64.ActiveCfg = Release Master Gold|x64
		{C39F4B46-6E89-4074-902E-CA57073044D2}.Release Master Gold|x64.ActiveCfg = Release Master Gold|x64
		{C39F4B46-6E89-4074-902E-CA57073044D2}.Release Master Gold|x64.Build.0 = Release Master Gold|x64
		{C39F4B46-6E89-4074-902E-CA57073044D2}.Release Master Gold|x86.ActiveCfg = Release Master Gold|Win32
		{C39F4B46-6E89-4074-902E-CA57073044D2}.Release Master Gold|x86.Build.0 = Release Master Gold|Win32
		{C39F4B46-6E89-4074-902E-CA57073044D2}.Release|ARM.ActiveCfg = Release|x64
		{C39F4B46-6E89-4074-902E-CA57073044D2}.Release|ARM64.ActiveCfg = Release|x64
		{C39F4B46-6E89-4074-902E-CA57073044D2}.Release|x64.ActiveCfg = Release|x64
		{C39F4B46-6E89-4074-902E-CA57073044D2}.Release|x64.Build.0 = Release|x64
		{C39F4B46-6E89-4074-902E-CA57073044D2}.Release|x86.ActiveCfg = Release|Win32
		{C39F4B46-6E89-4074-902E-CA57073044D2}.Release|x86.Build.0 = Release|Win32
	EndGlobalSection
	GlobalSection(SolutionProperties) = preSolution
		HideSolutionNode = FALSE
	EndGlobalSection
	GlobalSection(ExtensibilityGlobals) = postSolution
		SolutionGuid = {B2D47F55-FAF6-4756-968D-E5A2C4E2853C}
	EndGlobalSection
EndGlobal
